
Microsoft Visual Studio Solution File, Format Version 12.00
# Visual Studio 2012
Project("{FAE04EC0-301F-11D3-BF4B-00C04F79EFBC}") = "AWSTool", "AWSTool\AWSTool.csproj", "{1D6673A1-83F6-4BCF-BEA9-F7A75D9B79FF}"
EndProject
Project("{FAE04EC0-301F-11D3-BF4B-00C04F79EFBC}") = "TestApp", "TestApp\TestApp.csproj", "{B73F019E-3503-48AF-8473-631777086754}"
EndProject
Project("{FAE04EC0-301F-11D3-BF4B-00C04F79EFBC}") = "AzureTool", "AzureTool\AzureTool.csproj", "{AC3D1CBD-F296-4DCE-AE6D-F8018BB6EF07}"
EndProject
Global
	GlobalSection(SolutionConfigurationPlatforms) = preSolution
		Debug|Any CPU = Debug|Any CPU
		Release|Any CPU = Release|Any CPU
	EndGlobalSection
	GlobalSection(ProjectConfigurationPlatforms) = postSolution
		{1D6673A1-83F6-4BCF-BEA9-F7A75D9B79FF}.Debug|Any CPU.ActiveCfg = Debug|Any CPU
		{1D6673A1-83F6-4BCF-BEA9-F7A75D9B79FF}.Debug|Any CPU.Build.0 = Debug|Any CPU
		{1D6673A1-83F6-4BCF-BEA9-F7A75D9B79FF}.Release|Any CPU.ActiveCfg = Release|Any CPU
		{1D6673A1-83F6-4BCF-BEA9-F7A75D9B79FF}.Release|Any CPU.Build.0 = Release|Any CPU
		{B73F019E-3503-48AF-8473-631777086754}.Debug|Any CPU.ActiveCfg = Debug|Any CPU
		{B73F019E-3503-48AF-8473-631777086754}.Debug|Any CPU.Build.0 = Debug|Any CPU
		{B73F019E-3503-48AF-8473-631777086754}.Release|Any CPU.ActiveCfg = Release|Any CPU
		{B73F019E-3503-48AF-8473-631777086754}.Release|Any CPU.Build.0 = Release|Any CPU
		{AC3D1CBD-F296-4DCE-AE6D-F8018BB6EF07}.Debug|Any CPU.ActiveCfg = Debug|Any CPU
		{AC3D1CBD-F296-4DCE-AE6D-F8018BB6EF07}.Debug|Any CPU.Build.0 = Debug|Any CPU
		{AC3D1CBD-F296-4DCE-AE6D-F8018BB6EF07}.Release|Any CPU.ActiveCfg = Release|Any CPU
		{AC3D1CBD-F296-4DCE-AE6D-F8018BB6EF07}.Release|Any CPU.Build.0 = Release|Any CPU
	EndGlobalSection
	GlobalSection(SolutionProperties) = preSolution
		HideSolutionNode = FALSE
	EndGlobalSection
EndGlobal
